
Microsoft Visual Studio Solution File, Format Version 12.00
# Visual Studio Version 16
VisualStudioVersion = 16.0.30330.147
MinimumVisualStudioVersion = 10.0.40219.1
Project("{FAE04EC0-301F-11D3-BF4B-00C04F79EFBC}") = "crafinginterpreters.cslox", "crafinginterpreters.cslox.csproj", "{747CCD1D-9A1F-4E39-AF06-8AF8F5B6E693}"
EndProject
Global
	GlobalSection(SolutionConfigurationPlatforms) = preSolution
		Debug|Any CPU = Debug|Any CPU
		Release|Any CPU = Release|Any CPU
	EndGlobalSection
	GlobalSection(ProjectConfigurationPlatforms) = postSolution
		{747CCD1D-9A1F-4E39-AF06-8AF8F5B6E693}.Debug|Any CPU.ActiveCfg = Debug|Any CPU
		{747CCD1D-9A1F-4E39-AF06-8AF8F5B6E693}.Debug|Any CPU.Build.0 = Debug|Any CPU
		{747CCD1D-9A1F-4E39-AF06-8AF8F5B6E693}.Release|Any CPU.ActiveCfg = Release|Any CPU
		{747CCD1D-9A1F-4E39-AF06-8AF8F5B6E693}.Release|Any CPU.Build.0 = Release|Any CPU
	EndGlobalSection
	GlobalSection(SolutionProperties) = preSolution
		HideSolutionNode = FALSE
	EndGlobalSection
	GlobalSection(ExtensibilityGlobals) = postSolution
		SolutionGuid = {75C680A5-6019-449D-857C-98A5684CDFE3}
	EndGlobalSection
EndGlobal
